
Microsoft Visual Studio Solution File, Format Version 12.00
# Visual Studio 15
VisualStudioVersion = 15.0.27703.2000
MinimumVisualStudioVersion = 10.0.40219.1
Project("{FAE04EC0-301F-11D3-BF4B-00C04F79EFBC}") = "SilverTest", "SilverTest\SilverTest.csproj", "{8F791C00-2188-499D-BBB2-5F9F5513E0F3}"
EndProject
Project("{FAE04EC0-301F-11D3-BF4B-00C04F79EFBC}") = "SerialPortLab", "SerialPortLab\SerialPortLab.csproj", "{5D3B593A-FEA5-431B-8113-801F1940809E}"
EndProject
Project("{FAE04EC0-301F-11D3-BF4B-00C04F79EFBC}") = "BasicWaveChart", "BasicWaveChart\BasicWaveChart.csproj", "{F0E228EC-B175-45FD-909A-ABB12593E49E}"
EndProject
Project("{FAE04EC0-301F-11D3-BF4B-00C04F79EFBC}") = "test", "test\test.csproj", "{A18DE1C4-CCAF-4652-9D50-A2EE93EE3A43}"
EndProject
Project("{54435603-DBB4-11D2-8724-00A0C9A8B90C}") = "QingAn201H", "QingAn201H\QingAn201H.vdproj", "{DBBA21BB-0A24-4E61-A134-E987369DAEDD}"
EndProject
Global
	GlobalSection(SolutionConfigurationPlatforms) = preSolution
		Debug|Any CPU = Debug|Any CPU
		Release|Any CPU = Release|Any CPU
	EndGlobalSection
	GlobalSection(ProjectConfigurationPlatforms) = postSolution
		{8F791C00-2188-499D-BBB2-5F9F5513E0F3}.Debug|Any CPU.ActiveCfg = Debug|Any CPU
		{8F791C00-2188-499D-BBB2-5F9F5513E0F3}.Debug|Any CPU.Build.0 = Debug|Any CPU
		{8F791C00-2188-499D-BBB2-5F9F5513E0F3}.Release|Any CPU.ActiveCfg = Release|Any CPU
		{8F791C00-2188-499D-BBB2-5F9F5513E0F3}.Release|Any CPU.Build.0 = Release|Any CPU
		{5D3B593A-FEA5-431B-8113-801F1940809E}.Debug|Any CPU.ActiveCfg = Debug|Any CPU
		{5D3B593A-FEA5-431B-8113-801F1940809E}.Debug|Any CPU.Build.0 = Debug|Any CPU
		{5D3B593A-FEA5-431B-8113-801F1940809E}.Release|Any CPU.ActiveCfg = Release|Any CPU
		{5D3B593A-FEA5-431B-8113-801F1940809E}.Release|Any CPU.Build.0 = Release|Any CPU
		{F0E228EC-B175-45FD-909A-ABB12593E49E}.Debug|Any CPU.ActiveCfg = Debug|Any CPU
		{F0E228EC-B175-45FD-909A-ABB12593E49E}.Debug|Any CPU.Build.0 = Debug|Any CPU
		{F0E228EC-B175-45FD-909A-ABB12593E49E}.Release|Any CPU.ActiveCfg = Release|Any CPU
		{F0E228EC-B175-45FD-909A-ABB12593E49E}.Release|Any CPU.Build.0 = Release|Any CPU
		{A18DE1C4-CCAF-4652-9D50-A2EE93EE3A43}.Debug|Any CPU.ActiveCfg = Debug|Any CPU
		{A18DE1C4-CCAF-4652-9D50-A2EE93EE3A43}.Debug|Any CPU.Build.0 = Debug|Any CPU
		{A18DE1C4-CCAF-4652-9D50-A2EE93EE3A43}.Release|Any CPU.ActiveCfg = Release|Any CPU
		{A18DE1C4-CCAF-4652-9D50-A2EE93EE3A43}.Release|Any CPU.Build.0 = Release|Any CPU
		{DBBA21BB-0A24-4E61-A134-E987369DAEDD}.Debug|Any CPU.ActiveCfg = Debug
		{DBBA21BB-0A24-4E61-A134-E987369DAEDD}.Release|Any CPU.ActiveCfg = Release
	EndGlobalSection
	GlobalSection(SolutionProperties) = preSolution
		HideSolutionNode = FALSE
	EndGlobalSection
	GlobalSection(ExtensibilityGlobals) = postSolution
		SolutionGuid = {49645B20-2A81-41A6-9DD7-E643FAC283E3}
	EndGlobalSection
EndGlobal
